{
  "name": "light-plus-enhanced",
  "version": "0.0.2",
  "lockfileVersion": 3,
  "requires": true,
  "packages": {
    "": {
      "name": "light-plus-enhanced",
      "version": "0.0.2",
      "dependencies": {
        "light-plus-enhanced": "file:"
      },
      "engines": {
        "vscode": "^1.92.0"
      }
    },
    "node_modules/light-plus-enhanced": {
      "resolved": "",
      "link": true
    }
  }
}
